// !$*UTF8*$!
{
	archiveVersion = 1;
	classes = {
	};
	objectVersion = 50;
	objects = {

/* Begin PBXBuildFile section */
		A3EF3ECF227BD22E00FC3339 /* AppDelegate.swift in Sources */ = {isa = PBXBuildFile; fileRef = A3EF3ECE227BD22E00FC3339 /* AppDelegate.swift */; };
		A3EF3ED4227BD22E00FC3339 /* Main.storyboard in Resources */ = {isa = PBXBuildFile; fileRef = A3EF3ED2227BD22E00FC3339 /* Main.storyboard */; };
		A3EF3ED6227BD22F00FC3339 /* Assets.xcassets in Resources */ = {isa = PBXBuildFile; fileRef = A3EF3ED5227BD22F00FC3339 /* Assets.xcassets */; };
		A3EF3ED9227BD22F00FC3339 /* LaunchScreen.storyboard in Resources */ = {isa = PBXBuildFile; fileRef = A3EF3ED7227BD22F00FC3339 /* LaunchScreen.storyboard */; };
		A3EF3EE1227BD3EF00FC3339 /* Question.swift in Sources */ = {isa = PBXBuildFile; fileRef = A3EF3EE0227BD3EF00FC3339 /* Question.swift */; };
		A3EF3EE3227BD42800FC3339 /* QuestionController.swift in Sources */ = {isa = PBXBuildFile; fileRef = A3EF3EE2227BD42800FC3339 /* QuestionController.swift */; };
		A3EF3EE5227BE0AF00FC3339 /* QuestionsTableViewController.swift in Sources */ = {isa = PBXBuildFile; fileRef = A3EF3EE4227BE0AF00FC3339 /* QuestionsTableViewController.swift */; };
		A3EF3EE7227BE1A400FC3339 /* QuestionTableViewCell.swift in Sources */ = {isa = PBXBuildFile; fileRef = A3EF3EE6227BE1A400FC3339 /* QuestionTableViewCell.swift */; };
		A3EF3EE9227BE72000FC3339 /* SubmitQViewController.swift in Sources */ = {isa = PBXBuildFile; fileRef = A3EF3EE8227BE72000FC3339 /* SubmitQViewController.swift */; };
		A3EF3EEB227BF06F00FC3339 /* AnswerViewController.swift in Sources */ = {isa = PBXBuildFile; fileRef = A3EF3EEA227BF06F00FC3339 /* AnswerViewController.swift */; };
/* End PBXBuildFile section */

/* Begin PBXFileReference section */
		A3EF3ECB227BD22E00FC3339 /* Q&A.app */ = {isa = PBXFileReference; explicitFileType = wrapper.application; includeInIndex = 0; path = "Q&A.app"; sourceTree = BUILT_PRODUCTS_DIR; };
		A3EF3ECE227BD22E00FC3339 /* AppDelegate.swift */ = {isa = PBXFileReference; lastKnownFileType = sourcecode.swift; path = AppDelegate.swift; sourceTree = "<group>"; };
		A3EF3ED3227BD22E00FC3339 /* Base */ = {isa = PBXFileReference; lastKnownFileType = file.storyboard; name = Base; path = Base.lproj/Main.storyboard; sourceTree = "<group>"; };
		A3EF3ED5227BD22F00FC3339 /* Assets.xcassets */ = {isa = PBXFileReference; lastKnownFileType = folder.assetcatalog; path = Assets.xcassets; sourceTree = "<group>"; };
		A3EF3ED8227BD22F00FC3339 /* Base */ = {isa = PBXFileReference; lastKnownFileType = file.storyboard; name = Base; path = Base.lproj/LaunchScreen.storyboard; sourceTree = "<group>"; };
		A3EF3EDA227BD22F00FC3339 /* Info.plist */ = {isa = PBXFileReference; lastKnownFileType = text.plist.xml; path = Info.plist; sourceTree = "<group>"; };
		A3EF3EE0227BD3EF00FC3339 /* Question.swift */ = {isa = PBXFileReference; lastKnownFileType = sourcecode.swift; path = Question.swift; sourceTree = "<group>"; };
		A3EF3EE2227BD42800FC3339 /* QuestionController.swift */ = {isa = PBXFileReference; lastKnownFileType = sourcecode.swift; path = QuestionController.swift; sourceTree = "<group>"; };
		A3EF3EE4227BE0AF00FC3339 /* QuestionsTableViewController.swift */ = {isa = PBXFileReference; lastKnownFileType = sourcecode.swift; path = QuestionsTableViewController.swift; sourceTree = "<group>"; };
		A3EF3EE6227BE1A400FC3339 /* QuestionTableViewCell.swift */ = {isa = PBXFileReference; lastKnownFileType = sourcecode.swift; path = QuestionTableViewCell.swift; sourceTree = "<group>"; };
		A3EF3EE8227BE72000FC3339 /* SubmitQViewController.swift */ = {isa = PBXFileReference; lastKnownFileType = sourcecode.swift; path = SubmitQViewController.swift; sourceTree = "<group>"; };
		A3EF3EEA227BF06F00FC3339 /* AnswerViewController.swift */ = {isa = PBXFileReference; lastKnownFileType = sourcecode.swift; path = AnswerViewController.swift; sourceTree = "<group>"; };
/* End PBXFileReference section */

/* Begin PBXFrameworksBuildPhase section */
		A3EF3EC8227BD22E00FC3339 /* Frameworks */ = {
			isa = PBXFrameworksBuildPhase;
			buildActionMask = 2147483647;
			files = (
			);
			runOnlyForDeploymentPostprocessing = 0;
		};
/* End PBXFrameworksBuildPhase section */

/* Begin PBXGroup section */
		A3EF3EC2227BD22E00FC3339 = {
			isa = PBXGroup;
			children = (
				A3EF3ECD227BD22E00FC3339 /* Q&A */,
				A3EF3ECC227BD22E00FC3339 /* Products */,
			);
			sourceTree = "<group>";
		};
		A3EF3ECC227BD22E00FC3339 /* Products */ = {
			isa = PBXGroup;
			children = (
				A3EF3ECB227BD22E00FC3339 /* Q&A.app */,
			);
			name = Products;
			sourceTree = "<group>";
		};
		A3EF3ECD227BD22E00FC3339 /* Q&A */ = {
			isa = PBXGroup;
			children = (
				A3EF3ECE227BD22E00FC3339 /* AppDelegate.swift */,
				A3EF3EE0227BD3EF00FC3339 /* Question.swift */,
				A3EF3EE2227BD42800FC3339 /* QuestionController.swift */,
				A3EF3ED2227BD22E00FC3339 /* Main.storyboard */,
				A3EF3EEA227BF06F00FC3339 /* AnswerViewController.swift */,
				A3EF3EE8227BE72000FC3339 /* SubmitQViewController.swift */,
				A3EF3EE6227BE1A400FC3339 /* QuestionTableViewCell.swift */,
				A3EF3EE4227BE0AF00FC3339 /* QuestionsTableViewController.swift */,
				A3EF3ED5227BD22F00FC3339 /* Assets.xcassets */,
				A3EF3ED7227BD22F00FC3339 /* LaunchScreen.storyboard */,
				A3EF3EDA227BD22F00FC3339 /* Info.plist */,
			);
			path = "Q&A";
			sourceTree = "<group>";
		};
/* End PBXGroup section */

/* Begin PBXNativeTarget section */
		A3EF3ECA227BD22E00FC3339 /* Q&A */ = {
			isa = PBXNativeTarget;
			buildConfigurationList = A3EF3EDD227BD22F00FC3339 /* Build configuration list for PBXNativeTarget "Q&A" */;
			buildPhases = (
				A3EF3EC7227BD22E00FC3339 /* Sources */,
				A3EF3EC8227BD22E00FC3339 /* Frameworks */,
				A3EF3EC9227BD22E00FC3339 /* Resources */,
			);
			buildRules = (
			);
			dependencies = (
			);
			name = "Q&A";
			productName = "Q&A";
			productReference = A3EF3ECB227BD22E00FC3339 /* Q&A.app */;
			productType = "com.apple.product-type.application";
		};
/* End PBXNativeTarget section */

/* Begin PBXProject section */
		A3EF3EC3227BD22E00FC3339 /* Project object */ = {
			isa = PBXProject;
			attributes = {
				LastSwiftUpdateCheck = 1010;
				LastUpgradeCheck = 1010;
				ORGANIZATIONNAME = "Stephanie Bowles";
				TargetAttributes = {
					A3EF3ECA227BD22E00FC3339 = {
						CreatedOnToolsVersion = 10.1;
					};
				};
			};
			buildConfigurationList = A3EF3EC6227BD22E00FC3339 /* Build configuration list for PBXProject "Q&A" */;
			compatibilityVersion = "Xcode 9.3";
			developmentRegion = en;
			hasScannedForEncodings = 0;
			knownRegions = (
				en,
				Base,
			);
			mainGroup = A3EF3EC2227BD22E00FC3339;
			productRefGroup = A3EF3ECC227BD22E00FC3339 /* Products */;
			projectDirPath = "";
			projectRoot = "";
			targets = (
				A3EF3ECA227BD22E00FC3339 /* Q&A */,
			);
		};
/* End PBXProject section */

/* Begin PBXResourcesBuildPhase section */
		A3EF3EC9227BD22E00FC3339 /* Resources */ = {
			isa = PBXResourcesBuildPhase;
			buildActionMask = 2147483647;
			files = (
				A3EF3ED9227BD22F00FC3339 /* LaunchScreen.storyboard in Resources */,
				A3EF3ED6227BD22F00FC3339 /* Assets.xcassets in Resources */,
				A3EF3ED4227BD22E00FC3339 /* Main.storyboard in Resources */,
			);
			runOnlyForDeploymentPostprocessing = 0;
		};
/* End PBXResourcesBuildPhase section */

/* Begin PBXSourcesBuildPhase section */
		A3EF3EC7227BD22E00FC3339 /* Sources */ = {
			isa = PBXSourcesBuildPhase;
			buildActionMask = 2147483647;
			files = (
				A3EF3EE9227BE72000FC3339 /* SubmitQViewController.swift in Sources */,
				A3EF3EEB227BF06F00FC3339 /* AnswerViewController.swift in Sources */,
				A3EF3EE1227BD3EF00FC3339 /* Question.swift in Sources */,
				A3EF3EE7227BE1A400FC3339 /* QuestionTableViewCell.swift in Sources */,
				A3EF3ECF227BD22E00FC3339 /* AppDelegate.swift in Sources */,
				A3EF3EE3227BD42800FC3339 /* QuestionController.swift in Sources */,
				A3EF3EE5227BE0AF00FC3339 /* QuestionsTableViewController.swift in Sources */,
			);
			runOnlyForDeploymentPostprocessing = 0;
		};
/* End PBXSourcesBuildPhase section */

/* Begin PBXVariantGroup section */
		A3EF3ED2227BD22E00FC3339 /* Main.storyboard */ = {
			isa = PBXVariantGroup;
			children = (
				A3EF3ED3227BD22E00FC3339 /* Base */,
			);
			name = Main.storyboard;
			sourceTree = "<group>";
		};
		A3EF3ED7227BD22F00FC3339 /* LaunchScreen.storyboard */ = {
			isa = PBXVariantGroup;
			children = (
				A3EF3ED8227BD22F00FC3339 /* Base */,
			);
			name = LaunchScreen.storyboard;
			sourceTree = "<group>";
		};
/* End PBXVariantGroup section */

/* Begin XCBuildConfiguration section */
		A3EF3EDB227BD22F00FC3339 /* Debug */ = {
			isa = XCBuildConfiguration;
			buildSettings = {
				ALWAYS_SEARCH_USER_PATHS = NO;
				CLANG_ANALYZER_NONNULL = YES;
				CLANG_ANALYZER_NUMBER_OBJECT_CONVERSION = YES_AGGRESSIVE;
				CLANG_CXX_LANGUAGE_STANDARD = "gnu++14";
				CLANG_CXX_LIBRARY = "libc++";
				CLANG_ENABLE_MODULES = YES;
				CLANG_ENABLE_OBJC_ARC = YES;
				CLANG_ENABLE_OBJC_WEAK = YES;
				CLANG_WARN_BLOCK_CAPTURE_AUTORELEASING = YES;
				CLANG_WARN_BOOL_CONVERSION = YES;
				CLANG_WARN_COMMA = YES;
				CLANG_WARN_CONSTANT_CONVERSION = YES;
				CLANG_WARN_DEPRECATED_OBJC_IMPLEMENTATIONS = YES;
				CLANG_WARN_DIRECT_OBJC_ISA_USAGE = YES_ERROR;
				CLANG_WARN_DOCUMENTATION_COMMENTS = YES;
				CLANG_WARN_EMPTY_BODY = YES;
				CLANG_WARN_ENUM_CONVERSION = YES;
				CLANG_WARN_INFINITE_RECURSION = YES;
				CLANG_WARN_INT_CONVERSION = YES;
				CLANG_WARN_NON_LITERAL_NULL_CONVERSION = YES;
				CLANG_WARN_OBJC_IMPLICIT_RETAIN_SELF = YES;
				CLANG_WARN_OBJC_LITERAL_CONVERSION = YES;
				CLANG_WARN_OBJC_ROOT_CLASS = YES_ERROR;
				CLANG_WARN_RANGE_LOOP_ANALYSIS = YES;
				CLANG_WARN_STRICT_PROTOTYPES = YES;
				CLANG_WARN_SUSPICIOUS_MOVE = YES;
				CLANG_WARN_UNGUARDED_AVAILABILITY = YES_AGGRESSIVE;
				CLANG_WARN_UNREACHABLE_CODE = YES;
				CLANG_WARN__DUPLICATE_METHOD_MATCH = YES;
				CODE_SIGN_IDENTITY = "iPhone Developer";
				COPY_PHASE_STRIP = NO;
				DEBUG_INFORMATION_FORMAT = dwarf;
				ENABLE_STRICT_OBJC_MSGSEND = YES;
				ENABLE_TESTABILITY = YES;
				GCC_C_LANGUAGE_STANDARD = gnu11;
				GCC_DYNAMIC_NO_PIC = NO;
				GCC_NO_COMMON_BLOCKS = YES;
				GCC_OPTIMIZATION_LEVEL = 0;
				GCC_PREPROCESSOR_DEFINITIONS = (
					"DEBUG=1",
					"$(inherited)",
				);
				GCC_WARN_64_TO_32_BIT_CONVERSION = YES;
				GCC_WARN_ABOUT_RETURN_TYPE = YES_ERROR;
				GCC_WARN_UNDECLARED_SELECTOR = YES;
				GCC_WARN_UNINITIALIZED_AUTOS = YES_AGGRESSIVE;
				GCC_WARN_UNUSED_FUNCTION = YES;
				GCC_WARN_UNUSED_VARIABLE = YES;
				IPHONEOS_DEPLOYMENT_TARGET = 12.1;
				MTL_ENABLE_DEBUG_INFO = INCLUDE_SOURCE;
				MTL_FAST_MATH = YES;
				ONLY_ACTIVE_ARCH = YES;
				SDKROOT = iphoneos;
				SWIFT_ACTIVE_COMPILATION_CONDITIONS = DEBUG;
				SWIFT_OPTIMIZATION_LEVEL = "-Onone";
			};
			name = Debug;
		};
		A3EF3EDC227BD22F00FC3339 /* Release */ = {
			isa = XCBuildConfiguration;
			buildSettings = {
				ALWAYS_SEARCH_USER_PATHS = NO;
				CLANG_ANALYZER_NONNULL = YES;
				CLANG_ANALYZER_NUMBER_OBJECT_CONVERSION = YES_AGGRESSIVE;
				CLANG_CXX_LANGUAGE_STANDARD = "gnu++14";
				CLANG_CXX_LIBRARY = "libc++";
				CLANG_ENABLE_MODULES = YES;
				CLANG_ENABLE_OBJC_ARC = YES;
				CLANG_ENABLE_OBJC_WEAK = YES;
				CLANG_WARN_BLOCK_CAPTURE_AUTORELEASING = YES;
				CLANG_WARN_BOOL_CONVERSION = YES;
				CLANG_WARN_COMMA = YES;
				CLANG_WARN_CONSTANT_CONVERSION = YES;
				CLANG_WARN_DEPRECATED_OBJC_IMPLEMENTATIONS = YES;
				CLANG_WARN_DIRECT_OBJC_ISA_USAGE = YES_ERROR;
				CLANG_WARN_DOCUMENTATION_COMMENTS = YES;
				CLANG_WARN_EMPTY_BODY = YES;
				CLANG_WARN_ENUM_CONVERSION = YES;
				CLANG_WARN_INFINITE_RECURSION = YES;
				CLANG_WARN_INT_CONVERSION = YES;
				CLANG_WARN_NON_LITERAL_NULL_CONVERSION = YES;
				CLANG_WARN_OBJC_IMPLICIT_RETAIN_SELF = YES;
				CLANG_WARN_OBJC_LITERAL_CONVERSION = YES;
				CLANG_WARN_OBJC_ROOT_CLASS = YES_ERROR;
				CLANG_WARN_RANGE_LOOP_ANALYSIS = YES;
				CLANG_WARN_STRICT_PROTOTYPES = YES;
				CLANG_WARN_SUSPICIOUS_MOVE = YES;
				CLANG_WARN_UNGUARDED_AVAILABILITY = YES_AGGRESSIVE;
				CLANG_WARN_UNREACHABLE_CODE = YES;
				CLANG_WARN__DUPLICATE_METHOD_MATCH = YES;
				CODE_SIGN_IDENTITY = "iPhone Developer";
				COPY_PHASE_STRIP = NO;
				DEBUG_INFORMATION_FORMAT = "dwarf-with-dsym";
				ENABLE_NS_ASSERTIONS = NO;
				ENABLE_STRICT_OBJC_MSGSEND = YES;
				GCC_C_LANGUAGE_STANDARD = gnu11;
				GCC_NO_COMMON_BLOCKS = YES;
				GCC_WARN_64_TO_32_BIT_CONVERSION = YES;
				GCC_WARN_ABOUT_RETURN_TYPE = YES_ERROR;
				GCC_WARN_UNDECLARED_SELECTOR = YES;
				GCC_WARN_UNINITIALIZED_AUTOS = YES_AGGRESSIVE;
				GCC_WARN_UNUSED_FUNCTION = YES;
				GCC_WARN_UNUSED_VARIABLE = YES;
				IPHONEOS_DEPLOYMENT_TARGET = 12.1;
				MTL_ENABLE_DEBUG_INFO = NO;
				MTL_FAST_MATH = YES;
				SDKROOT = iphoneos;
				SWIFT_COMPILATION_MODE = wholemodule;
				SWIFT_OPTIMIZATION_LEVEL = "-O";
				VALIDATE_PRODUCT = YES;
			};
			name = Release;
		};
		A3EF3EDE227BD22F00FC3339 /* Debug */ = {
			isa = XCBuildConfiguration;
			buildSettings = {
				ASSETCATALOG_COMPILER_APPICON_NAME = AppIcon;
				CODE_SIGN_STYLE = Automatic;
				INFOPLIST_FILE = "Q&A/Info.plist";
				LD_RUNPATH_SEARCH_PATHS = (
					"$(inherited)",
					"@executable_path/Frameworks",
				);
				PRODUCT_BUNDLE_IDENTIFIER = "demo.Q-A";
				PRODUCT_NAME = "$(TARGET_NAME)";
				SWIFT_VERSION = 4.2;
				TARGETED_DEVICE_FAMILY = "1,2";
			};
			name = Debug;
		};
		A3EF3EDF227BD22F00FC3339 /* Release */ = {
			isa = XCBuildConfiguration;
			buildSettings = {
				ASSETCATALOG_COMPILER_APPICON_NAME = AppIcon;
				CODE_SIGN_STYLE = Automatic;
				INFOPLIST_FILE = "Q&A/Info.plist";
				LD_RUNPATH_SEARCH_PATHS = (
					"$(inherited)",
					"@executable_path/Frameworks",
				);
				PRODUCT_BUNDLE_IDENTIFIER = "demo.Q-A";
				PRODUCT_NAME = "$(TARGET_NAME)";
				SWIFT_VERSION = 4.2;
				TARGETED_DEVICE_FAMILY = "1,2";
			};
			name = Release;
		};
/* End XCBuildConfiguration section */

/* Begin XCConfigurationList section */
		A3EF3EC6227BD22E00FC3339 /* Build configuration list for PBXProject "Q&A" */ = {
			isa = XCConfigurationList;
			buildConfigurations = (
				A3EF3EDB227BD22F00FC3339 /* Debug */,
				A3EF3EDC227BD22F00FC3339 /* Release */,
			);
			defaultConfigurationIsVisible = 0;
			defaultConfigurationName = Release;
		};
		A3EF3EDD227BD22F00FC3339 /* Build configuration list for PBXNativeTarget "Q&A" */ = {
			isa = XCConfigurationList;
			buildConfigurations = (
				A3EF3EDE227BD22F00FC3339 /* Debug */,
				A3EF3EDF227BD22F00FC3339 /* Release */,
			);
			defaultConfigurationIsVisible = 0;
			defaultConfigurationName = Release;
		};
/* End XCConfigurationList section */
	};
	rootObject = A3EF3EC3227BD22E00FC3339 /* Project object */;
}
